Microsoft Visual Studio Solution File, Format Version 12.00
# Visual Studio Version 17
VisualStudioVersion = 17.5.2.0
MinimumVisualStudioVersion = 10.0.40219.1
Project("{FAE04EC0-301F-11D3-BF4B-00C04F79EFBC}") = "MyProject", "MyProject.csproj", "{972AF424-ACA8-BA24-9283-D0292F0F810F}"
EndProject
Global
	GlobalSection(SolutionConfigurationPlatforms) = preSolution
		Debug|Any CPU = Debug|Any CPU
		Release|Any CPU = Release|Any CPU
	EndGlobalSection
	GlobalSection(ProjectConfigurationPlatforms) = postSolution
		{972AF424-ACA8-BA24-9283-D0292F0F810F}.Debug|Any CPU.ActiveCfg = Debug|Any CPU
		{972AF424-ACA8-BA24-9283-D0292F0F810F}.Debug|Any CPU.Build.0 = Debug|Any CPU
		{972AF424-ACA8-BA24-9283-D0292F0F810F}.Release|Any CPU.ActiveCfg = Release|Any CPU
		{972AF424-ACA8-BA24-9283-D0292F0F810F}.Release|Any CPU.Build.0 = Release|Any CPU
	EndGlobalSection
	GlobalSection(SolutionProperties) = preSolution
		HideSolutionNode = FALSE
	EndGlobalSection
	GlobalSection(ExtensibilityGlobals) = postSolution
		SolutionGuid = {0B023859-88C3-4AA0-96EB-BEC459DE9360}
	EndGlobalSection
EndGlobal
